{
  "name": "@lukekaalim/to",
  "version": "1.2.0",
  "lockfileVersion": 1,
  "requires": true,
  "dependencies": {
    "@lukekaalim/test": {
      "version": "4.5.2",
      "resolved": "https://registry.npmjs.org/@lukekaalim/test/-/test-4.5.2.tgz",
      "integrity": "sha512-TehEMZxGzKUuvLv/Tc/0rU67O5uBbUdEFE+ykQ18u6jjI5eZGrMJaIzlPClX640hiJ3mavUhsMe3QU8+4BJF/w==",
      "dev": true,
      "requires": {
        "tiny-ansi-colors": "0.0.4"
      }
    },
    "lk-test": {
      "version": "3.3.0",
      "resolved": "https://registry.npmjs.org/lk-test/-/lk-test-3.3.0.tgz",
      "integrity": "sha512-gz8xsUGkqIQ854wGOMgpnDWBrxfAL8aregA8HD1MiNg9zvs79kJKFVgFEXCIqhZlcZMSXTtmrxS+UorhDlPmRw==",
      "dev": true,
      "requires": {
        "tiny-ansi-colors": "0.0.4"
      }
    },
    "tiny-ansi-colors": {
      "version": "0.0.4",
      "resolved": "https://registry.npmjs.org/tiny-ansi-colors/-/tiny-ansi-colors-0.0.4.tgz",
      "integrity": "sha512-utpCcSRO2SOZ0Z82PLlaADCgxRl/vNg7i0RhiazZG2MIEtRGkJJV710Qs3nAZLYJUVWwDNykG+JEpLOHR3j7/A==",
      "dev": true
    }
  }
}
