{
  "name": "@lukekaalim/to",
  "version": "1.0.1",
  "lockfileVersion": 1,
  "requires": true,
  "dependencies": {
    "lk-test": {
      "version": "3.2.0",
      "resolved": "https://registry.npmjs.org/lk-test/-/lk-test-3.2.0.tgz",
      "integrity": "sha512-2rVOTxEOTIKk+TsBCyv0CLsB9/hxt3POdhRwZwE6S6nTsO+FiEFHCO5xax7PQoppFGZ1o3z6cg68d48GCjiaPQ==",
      "dev": true,
      "requires": {
        "tiny-ansi-colors": "0.0.4"
      }
    },
    "tiny-ansi-colors": {
      "version": "0.0.4",
      "resolved": "https://registry.npmjs.org/tiny-ansi-colors/-/tiny-ansi-colors-0.0.4.tgz",
      "integrity": "sha512-utpCcSRO2SOZ0Z82PLlaADCgxRl/vNg7i0RhiazZG2MIEtRGkJJV710Qs3nAZLYJUVWwDNykG+JEpLOHR3j7/A==",
      "dev": true
    }
  }
}
