{
  "name": "@lukekaalim/to",
  "version": "0.0.1",
  "lockfileVersion": 1,
  "requires": true,
  "dependencies": {
    "lk-test": {
      "version": "3.0.1",
      "resolved": "https://registry.npmjs.org/lk-test/-/lk-test-3.0.1.tgz",
      "integrity": "sha512-3n0wp/AJ2KpP7f0RPDnV5oCt0yOvV9KrQOhL6vqO+ivWfUdLeJUlzcXnrYaPq5u+YDL8C4jAgHEN8uBnUin8ug==",
      "dev": true,
      "requires": {
        "tiny-ansi-colors": "0.0.4"
      }
    },
    "tiny-ansi-colors": {
      "version": "0.0.4",
      "resolved": "https://registry.npmjs.org/tiny-ansi-colors/-/tiny-ansi-colors-0.0.4.tgz",
      "integrity": "sha512-utpCcSRO2SOZ0Z82PLlaADCgxRl/vNg7i0RhiazZG2MIEtRGkJJV710Qs3nAZLYJUVWwDNykG+JEpLOHR3j7/A==",
      "dev": true
    }
  }
}
